
Microsoft Visual Studio Solution File, Format Version 9.00
# Visual Studio 2005
Project("{8BC9CEB8-8B4A-11D0-8D11-00A0C91BC942}") = "SL_BumpMap1", "SL_BumpMap1.vcproj", "{C0F26DB0-4711-49AE-87D2-B19157C0A0B6}"
EndProject
Global
	GlobalSection(SolutionConfigurationPlatforms) = preSolution
		Debug|Win32 = Debug|Win32
		Release|Win32 = Release|Win32
	EndGlobalSection
	GlobalSection(ProjectConfigurationPlatforms) = postSolution
		{C0F26DB0-4711-49AE-87D2-B19157C0A0B6}.Debug|Win32.ActiveCfg = Debug|Win32
		{C0F26DB0-4711-49AE-87D2-B19157C0A0B6}.Debug|Win32.Build.0 = Debug|Win32
		{C0F26DB0-4711-49AE-87D2-B19157C0A0B6}.Release|Win32.ActiveCfg = Release|Win32
		{C0F26DB0-4711-49AE-87D2-B19157C0A0B6}.Release|Win32.Build.0 = Release|Win32
	EndGlobalSection
	GlobalSection(SolutionProperties) = preSolution
		HideSolutionNode = FALSE
	EndGlobalSection
EndGlobal
