
Microsoft Visual Studio Solution File, Format Version 9.00
# Visual Studio 2005
Project("{8BC9CEB8-8B4A-11D0-8D11-00A0C91BC942}") = "SL_Scene3", "SL_Scene3.vcproj", "{69D40E01-57EA-477D-9372-2A1402E7AEF0}"
EndProject
Global
	GlobalSection(SolutionConfigurationPlatforms) = preSolution
		Debug|Win32 = Debug|Win32
		Release|Win32 = Release|Win32
	EndGlobalSection
	GlobalSection(ProjectConfigurationPlatforms) = postSolution
		{69D40E01-57EA-477D-9372-2A1402E7AEF0}.Debug|Win32.ActiveCfg = Debug|Win32
		{69D40E01-57EA-477D-9372-2A1402E7AEF0}.Debug|Win32.Build.0 = Debug|Win32
		{69D40E01-57EA-477D-9372-2A1402E7AEF0}.Release|Win32.ActiveCfg = Release|Win32
		{69D40E01-57EA-477D-9372-2A1402E7AEF0}.Release|Win32.Build.0 = Release|Win32
	EndGlobalSection
	GlobalSection(SolutionProperties) = preSolution
		HideSolutionNode = FALSE
	EndGlobalSection
EndGlobal
