
Microsoft Visual Studio Solution File, Format Version 9.00
# Visual Studio 2005
Project("{8BC9CEB8-8B4A-11D0-8D11-00A0C91BC942}") = "SL_CubeReflect3", "SL_CubeReflect3.vcproj", "{7FCB2F26-2914-4922-8D1B-63DF38DF8F49}"
EndProject
Global
	GlobalSection(SolutionConfigurationPlatforms) = preSolution
		Debug|Win32 = Debug|Win32
		Release|Win32 = Release|Win32
	EndGlobalSection
	GlobalSection(ProjectConfigurationPlatforms) = postSolution
		{7FCB2F26-2914-4922-8D1B-63DF38DF8F49}.Debug|Win32.ActiveCfg = Debug|Win32
		{7FCB2F26-2914-4922-8D1B-63DF38DF8F49}.Debug|Win32.Build.0 = Debug|Win32
		{7FCB2F26-2914-4922-8D1B-63DF38DF8F49}.Release|Win32.ActiveCfg = Release|Win32
		{7FCB2F26-2914-4922-8D1B-63DF38DF8F49}.Release|Win32.Build.0 = Release|Win32
	EndGlobalSection
	GlobalSection(SolutionProperties) = preSolution
		HideSolutionNode = FALSE
	EndGlobalSection
EndGlobal
