
Microsoft Visual Studio Solution File, Format Version 9.00
# Visual Studio 2005
Project("{8BC9CEB8-8B4A-11D0-8D11-00A0C91BC942}") = "SL_Shadow", "SL_Shadow.vcproj", "{1995731B-CED2-4952-B732-F29C1F5274D5}"
EndProject
Global
	GlobalSection(SolutionConfigurationPlatforms) = preSolution
		Debug|Win32 = Debug|Win32
		Release|Win32 = Release|Win32
	EndGlobalSection
	GlobalSection(ProjectConfigurationPlatforms) = postSolution
		{1995731B-CED2-4952-B732-F29C1F5274D5}.Debug|Win32.ActiveCfg = Debug|Win32
		{1995731B-CED2-4952-B732-F29C1F5274D5}.Debug|Win32.Build.0 = Debug|Win32
		{1995731B-CED2-4952-B732-F29C1F5274D5}.Release|Win32.ActiveCfg = Release|Win32
		{1995731B-CED2-4952-B732-F29C1F5274D5}.Release|Win32.Build.0 = Release|Win32
	EndGlobalSection
	GlobalSection(SolutionProperties) = preSolution
		HideSolutionNode = FALSE
	EndGlobalSection
EndGlobal
