
Microsoft Visual Studio Solution File, Format Version 9.00
# Visual Studio 2005
Project("{8BC9CEB8-8B4A-11D0-8D11-00A0C91BC942}") = "SL_Parallax", "SL_Parallax.vcproj", "{0C312C38-BF39-4B75-9B4A-2C0A892E841B}"
EndProject
Global
	GlobalSection(SolutionConfigurationPlatforms) = preSolution
		Debug|Win32 = Debug|Win32
		Release|Win32 = Release|Win32
	EndGlobalSection
	GlobalSection(ProjectConfigurationPlatforms) = postSolution
		{0C312C38-BF39-4B75-9B4A-2C0A892E841B}.Debug|Win32.ActiveCfg = Debug|Win32
		{0C312C38-BF39-4B75-9B4A-2C0A892E841B}.Debug|Win32.Build.0 = Debug|Win32
		{0C312C38-BF39-4B75-9B4A-2C0A892E841B}.Release|Win32.ActiveCfg = Release|Win32
		{0C312C38-BF39-4B75-9B4A-2C0A892E841B}.Release|Win32.Build.0 = Release|Win32
	EndGlobalSection
	GlobalSection(SolutionProperties) = preSolution
		HideSolutionNode = FALSE
	EndGlobalSection
EndGlobal
