
Microsoft Visual Studio Solution File, Format Version 9.00
# Visual Studio 2005
Project("{8BC9CEB8-8B4A-11D0-8D11-00A0C91BC942}") = "SL_Snow2", "SL_Snow2.vcproj", "{A6741183-62BA-4DA9-A405-28B54899F6BF}"
EndProject
Global
	GlobalSection(SolutionConfigurationPlatforms) = preSolution
		Debug|Win32 = Debug|Win32
		Release|Win32 = Release|Win32
	EndGlobalSection
	GlobalSection(ProjectConfigurationPlatforms) = postSolution
		{A6741183-62BA-4DA9-A405-28B54899F6BF}.Debug|Win32.ActiveCfg = Debug|Win32
		{A6741183-62BA-4DA9-A405-28B54899F6BF}.Debug|Win32.Build.0 = Debug|Win32
		{A6741183-62BA-4DA9-A405-28B54899F6BF}.Release|Win32.ActiveCfg = Release|Win32
		{A6741183-62BA-4DA9-A405-28B54899F6BF}.Release|Win32.Build.0 = Release|Win32
	EndGlobalSection
	GlobalSection(SolutionProperties) = preSolution
		HideSolutionNode = FALSE
	EndGlobalSection
EndGlobal
